
Microsoft Visual Studio Solution File, Format Version 12.00
# Visual Studio Version 17
VisualStudioVersion = 17.0.31903.59
MinimumVisualStudioVersion = 10.0.40219.1
Project("{FAE04EC0-301F-11D3-BF4B-00C04F79EFBC}") = "WebApplication2", "WebApplication2\WebApplication2.csproj", "{B2AEA0F3-5BBF-430E-81BF-4B70E1E01152}"
EndProject
Project("{FAE04EC0-301F-11D3-BF4B-00C04F79EFBC}") = "TestCalculator", "TestCalculator\TestCalculator.csproj", "{530E8079-7DF9-492D-A07D-25E9DB6E2033}"
EndProject
Global
	GlobalSection(SolutionConfigurationPlatforms) = preSolution
		Debug|Any CPU = Debug|Any CPU
		Release|Any CPU = Release|Any CPU
	EndGlobalSection
	GlobalSection(ProjectConfigurationPlatforms) = postSolution
		{B2AEA0F3-5BBF-430E-81BF-4B70E1E01152}.Debug|Any CPU.ActiveCfg = Debug|Any CPU
		{B2AEA0F3-5BBF-430E-81BF-4B70E1E01152}.Debug|Any CPU.Build.0 = Debug|Any CPU
		{B2AEA0F3-5BBF-430E-81BF-4B70E1E01152}.Release|Any CPU.ActiveCfg = Release|Any CPU
		{B2AEA0F3-5BBF-430E-81BF-4B70E1E01152}.Release|Any CPU.Build.0 = Release|Any CPU
		{530E8079-7DF9-492D-A07D-25E9DB6E2033}.Debug|Any CPU.ActiveCfg = Debug|Any CPU
		{530E8079-7DF9-492D-A07D-25E9DB6E2033}.Debug|Any CPU.Build.0 = Debug|Any CPU
		{530E8079-7DF9-492D-A07D-25E9DB6E2033}.Release|Any CPU.ActiveCfg = Release|Any CPU
		{530E8079-7DF9-492D-A07D-25E9DB6E2033}.Release|Any CPU.Build.0 = Release|Any CPU
	EndGlobalSection
	GlobalSection(SolutionProperties) = preSolution
		HideSolutionNode = FALSE
	EndGlobalSection
	GlobalSection(ExtensibilityGlobals) = postSolution
		SolutionGuid = {5054A9AA-E192-4F75-BBE9-F99486164186}
	EndGlobalSection
EndGlobal
